
Microsoft Visual Studio Solution File, Format Version 12.00
# Visual Studio Version 17
VisualStudioVersion = 17.5.33502.453
MinimumVisualStudioVersion = 10.0.40219.1
Project("{9A19103F-16F7-4668-BE54-9A1E7A4F7556}") = "Unmatched", "Unmatched\Unmatched.csproj", "{4374A4C5-1737-442D-91EF-7304110415BD}"
EndProject
Project("{FAE04EC0-301F-11D3-BF4B-00C04F79EFBC}") = "SimplePaint", "SimplePaint\SimplePaint.csproj", "{F300889D-C6EB-4457-9F5D-CC5795D4A878}"
EndProject
Global
	GlobalSection(SolutionConfigurationPlatforms) = preSolution
		Debug|Any CPU = Debug|Any CPU
		Debug|x86 = Debug|x86
		Release|Any CPU = Release|Any CPU
		Release|x86 = Release|x86
	EndGlobalSection
	GlobalSection(ProjectConfigurationPlatforms) = postSolution
		{4374A4C5-1737-442D-91EF-7304110415BD}.Debug|Any CPU.ActiveCfg = Debug|Any CPU
		{4374A4C5-1737-442D-91EF-7304110415BD}.Debug|Any CPU.Build.0 = Debug|Any CPU
		{4374A4C5-1737-442D-91EF-7304110415BD}.Debug|x86.ActiveCfg = Debug|x86
		{4374A4C5-1737-442D-91EF-7304110415BD}.Debug|x86.Build.0 = Debug|x86
		{4374A4C5-1737-442D-91EF-7304110415BD}.Release|Any CPU.ActiveCfg = Release|Any CPU
		{4374A4C5-1737-442D-91EF-7304110415BD}.Release|Any CPU.Build.0 = Release|Any CPU
		{4374A4C5-1737-442D-91EF-7304110415BD}.Release|x86.ActiveCfg = Release|x86
		{4374A4C5-1737-442D-91EF-7304110415BD}.Release|x86.Build.0 = Release|x86
		{F300889D-C6EB-4457-9F5D-CC5795D4A878}.Debug|Any CPU.ActiveCfg = Debug|Any CPU
		{F300889D-C6EB-4457-9F5D-CC5795D4A878}.Debug|Any CPU.Build.0 = Debug|Any CPU
		{F300889D-C6EB-4457-9F5D-CC5795D4A878}.Debug|x86.ActiveCfg = Debug|Any CPU
		{F300889D-C6EB-4457-9F5D-CC5795D4A878}.Debug|x86.Build.0 = Debug|Any CPU
		{F300889D-C6EB-4457-9F5D-CC5795D4A878}.Release|Any CPU.ActiveCfg = Release|Any CPU
		{F300889D-C6EB-4457-9F5D-CC5795D4A878}.Release|Any CPU.Build.0 = Release|Any CPU
		{F300889D-C6EB-4457-9F5D-CC5795D4A878}.Release|x86.ActiveCfg = Release|Any CPU
		{F300889D-C6EB-4457-9F5D-CC5795D4A878}.Release|x86.Build.0 = Release|Any CPU
	EndGlobalSection
	GlobalSection(SolutionProperties) = preSolution
		HideSolutionNode = FALSE
	EndGlobalSection
	GlobalSection(ExtensibilityGlobals) = postSolution
		SolutionGuid = {6EAE4D84-3EE6-4379-AB56-C822D8DA9268}
	EndGlobalSection
EndGlobal
